
Microsoft Visual Studio Solution File, Format Version 12.00
# Visual Studio Version 17
VisualStudioVersion = 17.3.32811.315
MinimumVisualStudioVersion = 10.0.40219.1
Project("{FAE04EC0-301F-11D3-BF4B-00C04F79EFBC}") = "XMindTest", "XMindTest\XMindTest.csproj", "{CF0CF698-61E9-4B17-9D56-FD58D9AA884B}"
EndProject
Global
	GlobalSection(SolutionConfigurationPlatforms) = preSolution
		Debug|Any CPU = Debug|Any CPU
		Release|Any CPU = Release|Any CPU
	EndGlobalSection
	GlobalSection(ProjectConfigurationPlatforms) = postSolution
		{CF0CF698-61E9-4B17-9D56-FD58D9AA884B}.Debug|Any CPU.ActiveCfg = Debug|Any CPU
		{CF0CF698-61E9-4B17-9D56-FD58D9AA884B}.Debug|Any CPU.Build.0 = Debug|Any CPU
		{CF0CF698-61E9-4B17-9D56-FD58D9AA884B}.Release|Any CPU.ActiveCfg = Release|Any CPU
		{CF0CF698-61E9-4B17-9D56-FD58D9AA884B}.Release|Any CPU.Build.0 = Release|Any CPU
	EndGlobalSection
	GlobalSection(SolutionProperties) = preSolution
		HideSolutionNode = FALSE
	EndGlobalSection
	GlobalSection(ExtensibilityGlobals) = postSolution
		SolutionGuid = {A1C23D64-77CA-460B-A63A-B4AD107B2967}
	EndGlobalSection
EndGlobal
